%{"base64url": {:hex, :base64url, "0.0.1", "36a90125f5948e3afd7be97662a1504b934dd5dac78451ca6e9abf85a10286be", [:rebar], []},
  "comeonin": {:hex, :comeonin, "2.4.0", "2dc7526b6352f7cf03de79c1e19b5154ac021da48b0c1790a12841ef5ca00340", [:mix, :make, :make], []},
  "connection": {:hex, :connection, "1.0.2", "f4a06dd3ecae4141aa66f94ce92ea4c4b8753069472814932f1cadbc3078ab80", [:mix], []},
  "corsica": {:hex, :corsica, "0.4.2", "e01a1745b3273148d44c12c14db459e857ecd293311a0b8ddbd103dc2974907c", [:mix], [{:plug, ">= 0.9.0", [hex: :plug, optional: false]}, {:cowboy, ">= 1.0.0", [hex: :cowboy, optional: false]}]},
  "cowboy": {:hex, :cowboy, "1.0.4", "a324a8df9f2316c833a470d918aaf73ae894278b8aa6226ce7a9bf699388f878", [:rebar, :make], [{:cowlib, "~> 1.0.0", [hex: :cowlib, optional: false]}, {:ranch, "~> 1.0", [hex: :ranch, optional: false]}]},
  "cowlib": {:hex, :cowlib, "1.0.2", "9d769a1d062c9c3ac753096f868ca121e2730b9a377de23dec0f7e08b1df84ee", [:make], []},
  "db_connection": {:hex, :db_connection, "1.0.0-rc.1", "4d9ac0db8a6edf401103b85ad29b40188b70adc649ba2a028df6ff2207cfb250", [:mix], [{:sbroker, "~> 1.0.0-beta.2", [hex: :sbroker, optional: true]}, {:poolboy, "~> 1.5", [hex: :poolboy, optional: true]}, {:connection, "~> 1.0.2", [hex: :connection, optional: false]}]},
  "decimal": {:hex, :decimal, "1.1.2", "79a769d4657b2d537b51ef3c02d29ab7141d2b486b516c109642d453ee08e00c", [:mix], []},
  "ecto": {:hex, :ecto, "2.0.0-rc.6", "a207218470d8c6366a20940e33f6f9fcd2e9a34c8e9779b808fe100f88c05f5e", [:mix], [{:poison, "~> 1.5 or ~> 2.0", [hex: :poison, optional: true]}, {:sbroker, "~> 1.0-beta", [hex: :sbroker, optional: true]}, {:postgrex, "~> 0.11.2", [hex: :postgrex, optional: true]}, {:mariaex, "~> 0.7.7", [hex: :mariaex, optional: true]}, {:decimal, "~> 1.0", [hex: :decimal, optional: false]}, {:poolboy, "~> 1.5", [hex: :poolboy, optional: false]}]},
  "ectograph": {:hex, :ectograph, "0.1.1", "5938056d783fb1f1c377e274ff1c4b29f47351346df3115b918a52cfdbd5632c", [:mix], [{:graphql, "~> 0.3.1", [hex: :graphql, optional: false]}, {:ecto, "~> 2.0.0-rc.6", [hex: :ecto, optional: false]}]},
  "graphql": {:hex, :graphql, "0.3.1", "d3bb5467877456cc2b33debc75407e9216567b10e35e83d5195e2d51e835e8c7", [:mix], []},
  "guardian": {:hex, :guardian, "0.12.0", "ab1f0a1ab0cd8f4f9c8cca6e28d61136ca682684cf0f82e55a50e8061be7575a", [:mix], [{:uuid, ">=1.1.1", [hex: :uuid, optional: false]}, {:poison, ">= 1.3.0", [hex: :poison, optional: false]}, {:plug, "~> 1.0", [hex: :plug, optional: false]}, {:jose, "~> 1.6", [hex: :jose, optional: false]}]},
  "jose": {:hex, :jose, "1.7.5", "f19f890f7aaa1261230af691e2f1e0fc60bf44bce7d34c86022d0efa8875628a", [:mix, :rebar], [{:base64url, "~> 0.0.1", [hex: :base64url, optional: false]}]},
  "openmaize": {:hex, :openmaize, "0.17.2"},
  "plug": {:hex, :plug, "1.1.6", "8927e4028433fcb859e000b9389ee9c37c80eb28378eeeea31b0273350bf668b", [:mix], [{:cowboy, "~> 1.0", [hex: :cowboy, optional: true]}]},
  "plug_graphql": {:hex, :plug_graphql, "0.3.1", "8c3c91b889236620cea19606ab5b770c1c533242c92d97c23b9f359be4eb4c03", [:mix], [{:poison, "~> 1.5 or ~> 2.0", [hex: :poison, optional: false]}, {:plug, "~> 0.14 or ~> 1.0", [hex: :plug, optional: false]}, {:graphql, "~> 0.3", [hex: :graphql, optional: false]}, {:cowboy, "~> 1.0", [hex: :cowboy, optional: false]}]},
  "poison": {:hex, :poison, "2.1.0", "f583218ced822675e484648fa26c933d621373f01c6c76bd00005d7bd4b82e27", [:mix], []},
  "poolboy": {:hex, :poolboy, "1.5.1", "6b46163901cfd0a1b43d692657ed9d7e599853b3b21b95ae5ae0a777cf9b6ca8", [:rebar], []},
  "postgrex": {:hex, :postgrex, "0.11.2", "139755c1359d3c5c6d6e8b1ea72556d39e2746f61c6ddfb442813c91f53487e8", [:mix], [{:connection, "~> 1.0", [hex: :connection, optional: false]}, {:db_connection, "~> 1.0-rc", [hex: :db_connection, optional: false]}, {:decimal, "~> 1.0", [hex: :decimal, optional: false]}]},
  "ranch": {:hex, :ranch, "1.2.1", "a6fb992c10f2187b46ffd17ce398ddf8a54f691b81768f9ef5f461ea7e28c762", [:make], []},
  "slugger": {:hex, :slugger, "0.1.0", "04a0f2da7e0770d41eb15e166aa2b1f8fcd26a80f43ed96d56b1b1d4bc5075df", [:mix], []},
  "uuid": {:hex, :uuid, "1.1.4", "36c7734e4c8e357f2f67ba57fb61799d60c20a7f817b104896cca64b857e3686", [:mix], []}}
